
Microsoft Visual Studio Solution File, Format Version 12.00
# Visual Studio Version 16
VisualStudioVersion = 16.0.30804.86
MinimumVisualStudioVersion = 10.0.40219.1
Project("{FAE04EC0-301F-11D3-BF4B-00C04F79EFBC}") = "ThePetStore", "ThePetStore\ThePetStore.csproj", "{0EEB7AC3-CF4E-4425-AC94-045F5500FD00}"
EndProject
Global
	GlobalSection(SolutionConfigurationPlatforms) = preSolution
		Debug|Any CPU = Debug|Any CPU
		Release|Any CPU = Release|Any CPU
	EndGlobalSection
	GlobalSection(ProjectConfigurationPlatforms) = postSolution
		{0EEB7AC3-CF4E-4425-AC94-045F5500FD00}.Debug|Any CPU.ActiveCfg = Debug|Any CPU
		{0EEB7AC3-CF4E-4425-AC94-045F5500FD00}.Debug|Any CPU.Build.0 = Debug|Any CPU
		{0EEB7AC3-CF4E-4425-AC94-045F5500FD00}.Release|Any CPU.ActiveCfg = Release|Any CPU
		{0EEB7AC3-CF4E-4425-AC94-045F5500FD00}.Release|Any CPU.Build.0 = Release|Any CPU
	EndGlobalSection
	GlobalSection(SolutionProperties) = preSolution
		HideSolutionNode = FALSE
	EndGlobalSection
	GlobalSection(ExtensibilityGlobals) = postSolution
		SolutionGuid = {E3A0BAEB-36AD-458A-93BA-34D65BBAE3F1}
	EndGlobalSection
EndGlobal
